
Microsoft Visual Studio Solution File, Format Version 12.00
# Visual Studio Version 18
VisualStudioVersion = 18.8.12023.21 stable
MinimumVisualStudioVersion = 10.0.40219.1
Project("{9A19103F-16F7-4668-BE54-9A1E7A4F7556}") = "IguanaTracker.API", "IguanaTracker.API\IguanaTracker.API.csproj", "{E2E8C10E-DC61-4047-98FF-C56AC4EDD978}"
EndProject
Project("{9A19103F-16F7-4668-BE54-9A1E7A4F7556}") = "IguanaTracker.Web.MVC", "IguanaTracker.Web.MVC\IguanaTracker.Web.MVC.csproj", "{456D8200-BD9E-493C-B3E0-7E38D927D682}"
EndProject
Project("{9A19103F-16F7-4668-BE54-9A1E7A4F7556}") = "IguanaTracker.Test", "IguanaTracker.Test\IguanaTracker.Test.csproj", "{D38D26DB-1F0B-4583-A097-1D2156E90057}"
EndProject
Project("{FAE04EC0-301F-11D3-BF4B-00C04F79EFBC}") = "IguanaTracker.Mobile.Android", "IguanaTracker.Mobile\IguanaTracker.Mobile.Android\IguanaTracker.Mobile.Android.csproj", "{EA5E3CD5-E2D3-4C4B-8384-FCBC1DA566B7}"
EndProject
Project("{9A19103F-16F7-4668-BE54-9A1E7A4F7556}") = "IguanaTracker.Mobile", "IguanaTracker.Mobile\IguanaTracker.Mobile\IguanaTracker.Mobile.csproj", "{FE7CE027-20D9-4136-820E-B02F948E858E}"
EndProject
Project("{9A19103F-16F7-4668-BE54-9A1E7A4F7556}") = "IguanaTracker.Data", "IguanaTracker.Data\IguanaTracker.Data.csproj", "{BCB1BF09-4CEB-47C9-AE2C-4873CCDA7A81}"
EndProject
Project("{9A19103F-16F7-4668-BE54-9A1E7A4F7556}") = "IguanaTracker.BL", "IguanaTracker.BL\IguanaTracker.BL.csproj", "{EF19F6E0-3F12-4A6E-9D95-82D2AE821CD7}"
EndProject
Project("{9A19103F-16F7-4668-BE54-9A1E7A4F7556}") = "RestfulApiService", "RestfulApiService\RestfulApiService.csproj", "{D0CABD83-9826-4E09-BE41-D0D28AB3E35E}"
EndProject
Project("{9A19103F-16F7-4668-BE54-9A1E7A4F7556}") = "IguanaTracker.Angular", "IguanaTracker.Angular\IguanaTracker.Angular.csproj", "{4910FB3C-2D0A-47A8-BA73-29F2048B0087}"
EndProject
Project("{E53339B2-1760-4266-BCC7-CA923CBCF16C}") = "docker-compose", "docker-compose.dcproj", "{DD86D880-7423-4EC1-A7F6-CA594D78A2F6}"
EndProject
Project("{2150E333-8FDC-42A3-9474-1A3956D46DE8}") = "src", "src", "{827E0CD3-B72D-47B6-A68D-7590B98EB39B}"
EndProject
Project("{FAE04EC0-301F-11D3-BF4B-00C04F79EFBC}") = "FloridaIguanaTracker.Domain", "src\FloridaIguanaTracker.Domain\FloridaIguanaTracker.Domain.csproj", "{7BEDEF93-90B0-4AB6-AE20-B104E4185FDE}"
EndProject
Project("{FAE04EC0-301F-11D3-BF4B-00C04F79EFBC}") = "FloridaIguanaTracker.Application", "src\FloridaIguanaTracker.Application\FloridaIguanaTracker.Application.csproj", "{F733FCCA-60A8-4E1B-ABEE-5B9689B914C7}"
EndProject
Project("{FAE04EC0-301F-11D3-BF4B-00C04F79EFBC}") = "FloridaIguanaTracker.Contracts", "src\FloridaIguanaTracker.Contracts\FloridaIguanaTracker.Contracts.csproj", "{0F9FD782-58D0-4974-A2D7-757307B5C325}"
EndProject
Project("{FAE04EC0-301F-11D3-BF4B-00C04F79EFBC}") = "FloridaIguanaTracker.Infrastructure", "src\FloridaIguanaTracker.Infrastructure\FloridaIguanaTracker.Infrastructure.csproj", "{391414A8-E056-48D6-88E4-FEA782DC6FB3}"
EndProject
Project("{FAE04EC0-301F-11D3-BF4B-00C04F79EFBC}") = "FloridaIguanaTracker.Api", "..\FloridaIguanaTracker.Api\FloridaIguanaTracker.Api.csproj", "{27B8E16A-43D1-4BAA-937B-D6937B6C5FCD}"
EndProject
Global
	GlobalSection(SolutionConfigurationPlatforms) = preSolution
		Debug|Any CPU = Debug|Any CPU
		Debug|iPhone = Debug|iPhone
		Debug|iPhoneSimulator = Debug|iPhoneSimulator
		Debug|x64 = Debug|x64
		Debug|x86 = Debug|x86
		Release|Any CPU = Release|Any CPU
		Release|iPhone = Release|iPhone
		Release|iPhoneSimulator = Release|iPhoneSimulator
		Release|x64 = Release|x64
		Release|x86 = Release|x86
	EndGlobalSection
	GlobalSection(ProjectConfigurationPlatforms) = postSolution
		{E2E8C10E-DC61-4047-98FF-C56AC4EDD978}.Debug|Any CPU.ActiveCfg = Debug|Any CPU
		{E2E8C10E-DC61-4047-98FF-C56AC4EDD978}.Debug|Any CPU.Build.0 = Debug|Any CPU
		{E2E8C10E-DC61-4047-98FF-C56AC4EDD978}.Debug|iPhone.ActiveCfg = Debug|Any CPU
		{E2E8C10E-DC61-4047-98FF-C56AC4EDD978}.Debug|iPhone.Build.0 = Debug|Any CPU
		{E2E8C10E-DC61-4047-98FF-C56AC4EDD978}.Debug|iPhoneSimulator.ActiveCfg = Debug|Any CPU
		{E2E8C10E-DC61-4047-98FF-C56AC4EDD978}.Debug|iPhoneSimulator.Build.0 = Debug|Any CPU
		{E2E8C10E-DC61-4047-98FF-C56AC4EDD978}.Debug|x64.ActiveCfg = Debug|Any CPU
		{E2E8C10E-DC61-4047-98FF-C56AC4EDD978}.Debug|x64.Build.0 = Debug|Any CPU
		{E2E8C10E-DC61-4047-98FF-C56AC4EDD978}.Debug|x86.ActiveCfg = Debug|Any CPU
		{E2E8C10E-DC61-4047-98FF-C56AC4EDD978}.Debug|x86.Build.0 = Debug|Any CPU
		{E2E8C10E-DC61-4047-98FF-C56AC4EDD978}.Release|Any CPU.ActiveCfg = Release|Any CPU
		{E2E8C10E-DC61-4047-98FF-C56AC4EDD978}.Release|Any CPU.Build.0 = Release|Any CPU
		{E2E8C10E-DC61-4047-98FF-C56AC4EDD978}.Release|iPhone.ActiveCfg = Release|Any CPU
		{E2E8C10E-DC61-4047-98FF-C56AC4EDD978}.Release|iPhone.Build.0 = Release|Any CPU
		{E2E8C10E-DC61-4047-98FF-C56AC4EDD978}.Release|iPhoneSimulator.ActiveCfg = Release|Any CPU
		{E2E8C10E-DC61-4047-98FF-C56AC4EDD978}.Release|iPhoneSimulator.Build.0 = Release|Any CPU
		{E2E8C10E-DC61-4047-98FF-C56AC4EDD978}.Release|x64.ActiveCfg = Release|Any CPU
		{E2E8C10E-DC61-4047-98FF-C56AC4EDD978}.Release|x64.Build.0 = Release|Any CPU
		{E2E8C10E-DC61-4047-98FF-C56AC4EDD978}.Release|x86.ActiveCfg = Release|Any CPU
		{E2E8C10E-DC61-4047-98FF-C56AC4EDD978}.Release|x86.Build.0 = Release|Any CPU
		{456D8200-BD9E-493C-B3E0-7E38D927D682}.Debug|Any CPU.ActiveCfg = Debug|Any CPU
		{456D8200-BD9E-493C-B3E0-7E38D927D682}.Debug|Any CPU.Build.0 = Debug|Any CPU
		{456D8200-BD9E-493C-B3E0-7E38D927D682}.Debug|iPhone.ActiveCfg = Debug|Any CPU
		{456D8200-BD9E-493C-B3E0-7E38D927D682}.Debug|iPhone.Build.0 = Debug|Any CPU
		{456D8200-BD9E-493C-B3E0-7E38D927D682}.Debug|iPhoneSimulator.ActiveCfg = Debug|Any CPU
		{456D8200-BD9E-493C-B3E0-7E38D927D682}.Debug|iPhoneSimulator.Build.0 = Debug|Any CPU
		{456D8200-BD9E-493C-B3E0-7E38D927D682}.Debug|x64.ActiveCfg = Debug|Any CPU
		{456D8200-BD9E-493C-B3E0-7E38D927D682}.Debug|x64.Build.0 = Debug|Any CPU
		{456D8200-BD9E-493C-B3E0-7E38D927D682}.Debug|x86.ActiveCfg = Debug|Any CPU
		{456D8200-BD9E-493C-B3E0-7E38D927D682}.Debug|x86.Build.0 = Debug|Any CPU
		{456D8200-BD9E-493C-B3E0-7E38D927D682}.Release|Any CPU.ActiveCfg = Release|Any CPU
		{456D8200-BD9E-493C-B3E0-7E38D927D682}.Release|Any CPU.Build.0 = Release|Any CPU
		{456D8200-BD9E-493C-B3E0-7E38D927D682}.Release|iPhone.ActiveCfg = Release|Any CPU
		{456D8200-BD9E-493C-B3E0-7E38D927D682}.Release|iPhone.Build.0 = Release|Any CPU
		{456D8200-BD9E-493C-B3E0-7E38D927D682}.Release|iPhoneSimulator.ActiveCfg = Release|Any CPU
		{456D8200-BD9E-493C-B3E0-7E38D927D682}.Release|iPhoneSimulator.Build.0 = Release|Any CPU
		{456D8200-BD9E-493C-B3E0-7E38D927D682}.Release|x64.ActiveCfg = Release|Any CPU
		{456D8200-BD9E-493C-B3E0-7E38D927D682}.Release|x64.Build.0 = Release|Any CPU
		{456D8200-BD9E-493C-B3E0-7E38D927D682}.Release|x86.ActiveCfg = Release|Any CPU
		{456D8200-BD9E-493C-B3E0-7E38D927D682}.Release|x86.Build.0 = Release|Any CPU
		{D38D26DB-1F0B-4583-A097-1D2156E90057}.Debug|Any CPU.ActiveCfg = Debug|Any CPU
		{D38D26DB-1F0B-4583-A097-1D2156E90057}.Debug|Any CPU.Build.0 = Debug|Any CPU
		{D38D26DB-1F0B-4583-A097-1D2156E90057}.Debug|iPhone.ActiveCfg = Debug|Any CPU
		{D38D26DB-1F0B-4583-A097-1D2156E90057}.Debug|iPhone.Build.0 = Debug|Any CPU
		{D38D26DB-1F0B-4583-A097-1D2156E90057}.Debug|iPhoneSimulator.ActiveCfg = Debug|Any CPU
		{D38D26DB-1F0B-4583-A097-1D2156E90057}.Debug|iPhoneSimulator.Build.0 = Debug|Any CPU
		{D38D26DB-1F0B-4583-A097-1D2156E90057}.Debug|x64.ActiveCfg = Debug|Any CPU
		{D38D26DB-1F0B-4583-A097-1D2156E90057}.Debug|x64.Build.0 = Debug|Any CPU
		{D38D26DB-1F0B-4583-A097-1D2156E90057}.Debug|x86.ActiveCfg = Debug|Any CPU
		{D38D26DB-1F0B-4583-A097-1D2156E90057}.Debug|x86.Build.0 = Debug|Any CPU
		{D38D26DB-1F0B-4583-A097-1D2156E90057}.Release|Any CPU.ActiveCfg = Release|Any CPU
		{D38D26DB-1F0B-4583-A097-1D2156E90057}.Release|Any CPU.Build.0 = Release|Any CPU
		{D38D26DB-1F0B-4583-A097-1D2156E90057}.Release|iPhone.ActiveCfg = Release|Any CPU
		{D38D26DB-1F0B-4583-A097-1D2156E90057}.Release|iPhone.Build.0 = Release|Any CPU
		{D38D26DB-1F0B-4583-A097-1D2156E90057}.Release|iPhoneSimulator.ActiveCfg = Release|Any CPU
		{D38D26DB-1F0B-4583-A097-1D2156E90057}.Release|iPhoneSimulator.Build.0 = Release|Any CPU
		{D38D26DB-1F0B-4583-A097-1D2156E90057}.Release|x64.ActiveCfg = Release|Any CPU
		{D38D26DB-1F0B-4583-A097-1D2156E90057}.Release|x64.Build.0 = Release|Any CPU
		{D38D26DB-1F0B-4583-A097-1D2156E90057}.Release|x86.ActiveCfg = Release|Any CPU
		{D38D26DB-1F0B-4583-A097-1D2156E90057}.Release|x86.Build.0 = Release|Any CPU
		{EA5E3CD5-E2D3-4C4B-8384-FCBC1DA566B7}.Debug|Any CPU.ActiveCfg = Debug|Any CPU
		{EA5E3CD5-E2D3-4C4B-8384-FCBC1DA566B7}.Debug|Any CPU.Build.0 = Debug|Any CPU
		{EA5E3CD5-E2D3-4C4B-8384-FCBC1DA566B7}.Debug|Any CPU.Deploy.0 = Debug|Any CPU
		{EA5E3CD5-E2D3-4C4B-8384-FCBC1DA566B7}.Debug|iPhone.ActiveCfg = Debug|Any CPU
		{EA5E3CD5-E2D3-4C4B-8384-FCBC1DA566B7}.Debug|iPhone.Build.0 = Debug|Any CPU
		{EA5E3CD5-E2D3-4C4B-8384-FCBC1DA566B7}.Debug|iPhone.Deploy.0 = Debug|Any CPU
		{EA5E3CD5-E2D3-4C4B-8384-FCBC1DA566B7}.Debug|iPhoneSimulator.ActiveCfg = Debug|Any CPU
		{EA5E3CD5-E2D3-4C4B-8384-FCBC1DA566B7}.Debug|iPhoneSimulator.Build.0 = Debug|Any CPU
		{EA5E3CD5-E2D3-4C4B-8384-FCBC1DA566B7}.Debug|iPhoneSimulator.Deploy.0 = Debug|Any CPU
		{EA5E3CD5-E2D3-4C4B-8384-FCBC1DA566B7}.Debug|x64.ActiveCfg = Debug|Any CPU
		{EA5E3CD5-E2D3-4C4B-8384-FCBC1DA566B7}.Debug|x64.Build.0 = Debug|Any CPU
		{EA5E3CD5-E2D3-4C4B-8384-FCBC1DA566B7}.Debug|x86.ActiveCfg = Debug|Any CPU
		{EA5E3CD5-E2D3-4C4B-8384-FCBC1DA566B7}.Debug|x86.Build.0 = Debug|Any CPU
		{EA5E3CD5-E2D3-4C4B-8384-FCBC1DA566B7}.Release|Any CPU.ActiveCfg = Release|Any CPU
		{EA5E3CD5-E2D3-4C4B-8384-FCBC1DA566B7}.Release|Any CPU.Build.0 = Release|Any CPU
		{EA5E3CD5-E2D3-4C4B-8384-FCBC1DA566B7}.Release|Any CPU.Deploy.0 = Release|Any CPU
		{EA5E3CD5-E2D3-4C4B-8384-FCBC1DA566B7}.Release|iPhone.ActiveCfg = Release|Any CPU
		{EA5E3CD5-E2D3-4C4B-8384-FCBC1DA566B7}.Release|iPhone.Build.0 = Release|Any CPU
		{EA5E3CD5-E2D3-4C4B-8384-FCBC1DA566B7}.Release|iPhone.Deploy.0 = Release|Any CPU
		{EA5E3CD5-E2D3-4C4B-8384-FCBC1DA566B7}.Release|iPhoneSimulator.ActiveCfg = Release|Any CPU
		{EA5E3CD5-E2D3-4C4B-8384-FCBC1DA566B7}.Release|iPhoneSimulator.Build.0 = Release|Any CPU
		{EA5E3CD5-E2D3-4C4B-8384-FCBC1DA566B7}.Release|iPhoneSimulator.Deploy.0 = Release|Any CPU
		{EA5E3CD5-E2D3-4C4B-8384-FCBC1DA566B7}.Release|x64.ActiveCfg = Release|Any CPU
		{EA5E3CD5-E2D3-4C4B-8384-FCBC1DA566B7}.Release|x64.Build.0 = Release|Any CPU
		{EA5E3CD5-E2D3-4C4B-8384-FCBC1DA566B7}.Release|x86.ActiveCfg = Release|Any CPU
		{EA5E3CD5-E2D3-4C4B-8384-FCBC1DA566B7}.Release|x86.Build.0 = Release|Any CPU
		{FE7CE027-20D9-4136-820E-B02F948E858E}.Debug|Any CPU.ActiveCfg = Debug|Any CPU
		{FE7CE027-20D9-4136-820E-B02F948E858E}.Debug|Any CPU.Build.0 = Debug|Any CPU
		{FE7CE027-20D9-4136-820E-B02F948E858E}.Debug|iPhone.ActiveCfg = Debug|Any CPU
		{FE7CE027-20D9-4136-820E-B02F948E858E}.Debug|iPhone.Build.0 = Debug|Any CPU
		{FE7CE027-20D9-4136-820E-B02F948E858E}.Debug|iPhoneSimulator.ActiveCfg = Debug|Any CPU
		{FE7CE027-20D9-4136-820E-B02F948E858E}.Debug|iPhoneSimulator.Build.0 = Debug|Any CPU
		{FE7CE027-20D9-4136-820E-B02F948E858E}.Debug|x64.ActiveCfg = Debug|Any CPU
		{FE7CE027-20D9-4136-820E-B02F948E858E}.Debug|x64.Build.0 = Debug|Any CPU
		{FE7CE027-20D9-4136-820E-B02F948E858E}.Debug|x86.ActiveCfg = Debug|Any CPU
		{FE7CE027-20D9-4136-820E-B02F948E858E}.Debug|x86.Build.0 = Debug|Any CPU
		{FE7CE027-20D9-4136-820E-B02F948E858E}.Release|Any CPU.ActiveCfg = Release|Any CPU
		{FE7CE027-20D9-4136-820E-B02F948E858E}.Release|Any CPU.Build.0 = Release|Any CPU
		{FE7CE027-20D9-4136-820E-B02F948E858E}.Release|iPhone.ActiveCfg = Release|Any CPU
		{FE7CE027-20D9-4136-820E-B02F948E858E}.Release|iPhone.Build.0 = Release|Any CPU
		{FE7CE027-20D9-4136-820E-B02F948E858E}.Release|iPhoneSimulator.ActiveCfg = Release|Any CPU
		{FE7CE027-20D9-4136-820E-B02F948E858E}.Release|iPhoneSimulator.Build.0 = Release|Any CPU
		{FE7CE027-20D9-4136-820E-B02F948E858E}.Release|x64.ActiveCfg = Release|Any CPU
		{FE7CE027-20D9-4136-820E-B02F948E858E}.Release|x64.Build.0 = Release|Any CPU
		{FE7CE027-20D9-4136-820E-B02F948E858E}.Release|x86.ActiveCfg = Release|Any CPU
		{FE7CE027-20D9-4136-820E-B02F948E858E}.Release|x86.Build.0 = Release|Any CPU
		{BCB1BF09-4CEB-47C9-AE2C-4873CCDA7A81}.Debug|Any CPU.ActiveCfg = Debug|Any CPU
		{BCB1BF09-4CEB-47C9-AE2C-4873CCDA7A81}.Debug|Any CPU.Build.0 = Debug|Any CPU
		{BCB1BF09-4CEB-47C9-AE2C-4873CCDA7A81}.Debug|iPhone.ActiveCfg = Debug|Any CPU
		{BCB1BF09-4CEB-47C9-AE2C-4873CCDA7A81}.Debug|iPhone.Build.0 = Debug|Any CPU
		{BCB1BF09-4CEB-47C9-AE2C-4873CCDA7A81}.Debug|iPhoneSimulator.ActiveCfg = Debug|Any CPU
		{BCB1BF09-4CEB-47C9-AE2C-4873CCDA7A81}.Debug|iPhoneSimulator.Build.0 = Debug|Any CPU
		{BCB1BF09-4CEB-47C9-AE2C-4873CCDA7A81}.Debug|x64.ActiveCfg = Debug|Any CPU
		{BCB1BF09-4CEB-47C9-AE2C-4873CCDA7A81}.Debug|x64.Build.0 = Debug|Any CPU
		{BCB1BF09-4CEB-47C9-AE2C-4873CCDA7A81}.Debug|x86.ActiveCfg = Debug|Any CPU
		{BCB1BF09-4CEB-47C9-AE2C-4873CCDA7A81}.Debug|x86.Build.0 = Debug|Any CPU
		{BCB1BF09-4CEB-47C9-AE2C-4873CCDA7A81}.Release|Any CPU.ActiveCfg = Release|Any CPU
		{BCB1BF09-4CEB-47C9-AE2C-4873CCDA7A81}.Release|Any CPU.Build.0 = Release|Any CPU
		{BCB1BF09-4CEB-47C9-AE2C-4873CCDA7A81}.Release|iPhone.ActiveCfg = Release|Any CPU
		{BCB1BF09-4CEB-47C9-AE2C-4873CCDA7A81}.Release|iPhone.Build.0 = Release|Any CPU
		{BCB1BF09-4CEB-47C9-AE2C-4873CCDA7A81}.Release|iPhoneSimulator.ActiveCfg = Release|Any CPU
		{BCB1BF09-4CEB-47C9-AE2C-4873CCDA7A81}.Release|iPhoneSimulator.Build.0 = Release|Any CPU
		{BCB1BF09-4CEB-47C9-AE2C-4873CCDA7A81}.Release|x64.ActiveCfg = Release|Any CPU
		{BCB1BF09-4CEB-47C9-AE2C-4873CCDA7A81}.Release|x64.Build.0 = Release|Any CPU
		{BCB1BF09-4CEB-47C9-AE2C-4873CCDA7A81}.Release|x86.ActiveCfg = Release|Any CPU
		{BCB1BF09-4CEB-47C9-AE2C-4873CCDA7A81}.Release|x86.Build.0 = Release|Any CPU
		{EF19F6E0-3F12-4A6E-9D95-82D2AE821CD7}.Debug|Any CPU.ActiveCfg = Debug|Any CPU
		{EF19F6E0-3F12-4A6E-9D95-82D2AE821CD7}.Debug|Any CPU.Build.0 = Debug|Any CPU
		{EF19F6E0-3F12-4A6E-9D95-82D2AE821CD7}.Debug|iPhone.ActiveCfg = Debug|Any CPU
		{EF19F6E0-3F12-4A6E-9D95-82D2AE821CD7}.Debug|iPhone.Build.0 = Debug|Any CPU
		{EF19F6E0-3F12-4A6E-9D95-82D2AE821CD7}.Debug|iPhoneSimulator.ActiveCfg = Debug|Any CPU
		{EF19F6E0-3F12-4A6E-9D95-82D2AE821CD7}.Debug|iPhoneSimulator.Build.0 = Debug|Any CPU
		{EF19F6E0-3F12-4A6E-9D95-82D2AE821CD7}.Debug|x64.ActiveCfg = Debug|Any CPU
		{EF19F6E0-3F12-4A6E-9D95-82D2AE821CD7}.Debug|x64.Build.0 = Debug|Any CPU
		{EF19F6E0-3F12-4A6E-9D95-82D2AE821CD7}.Debug|x86.ActiveCfg = Debug|Any CPU
		{EF19F6E0-3F12-4A6E-9D95-82D2AE821CD7}.Debug|x86.Build.0 = Debug|Any CPU
		{EF19F6E0-3F12-4A6E-9D95-82D2AE821CD7}.Release|Any CPU.ActiveCfg = Release|Any CPU
		{EF19F6E0-3F12-4A6E-9D95-82D2AE821CD7}.Release|Any CPU.Build.0 = Release|Any CPU
		{EF19F6E0-3F12-4A6E-9D95-82D2AE821CD7}.Release|iPhone.ActiveCfg = Release|Any CPU
		{EF19F6E0-3F12-4A6E-9D95-82D2AE821CD7}.Release|iPhone.Build.0 = Release|Any CPU
		{EF19F6E0-3F12-4A6E-9D95-82D2AE821CD7}.Release|iPhoneSimulator.ActiveCfg = Release|Any CPU
		{EF19F6E0-3F12-4A6E-9D95-82D2AE821CD7}.Release|iPhoneSimulator.Build.0 = Release|Any CPU
		{EF19F6E0-3F12-4A6E-9D95-82D2AE821CD7}.Release|x64.ActiveCfg = Release|Any CPU
		{EF19F6E0-3F12-4A6E-9D95-82D2AE821CD7}.Release|x64.Build.0 = Release|Any CPU
		{EF19F6E0-3F12-4A6E-9D95-82D2AE821CD7}.Release|x86.ActiveCfg = Release|Any CPU
		{EF19F6E0-3F12-4A6E-9D95-82D2AE821CD7}.Release|x86.Build.0 = Release|Any CPU
		{D0CABD83-9826-4E09-BE41-D0D28AB3E35E}.Debug|Any CPU.ActiveCfg = Debug|Any CPU
		{D0CABD83-9826-4E09-BE41-D0D28AB3E35E}.Debug|Any CPU.Build.0 = Debug|Any CPU
		{D0CABD83-9826-4E09-BE41-D0D28AB3E35E}.Debug|iPhone.ActiveCfg = Debug|Any CPU
		{D0CABD83-9826-4E09-BE41-D0D28AB3E35E}.Debug|iPhone.Build.0 = Debug|Any CPU
		{D0CABD83-9826-4E09-BE41-D0D28AB3E35E}.Debug|iPhoneSimulator.ActiveCfg = Debug|Any CPU
		{D0CABD83-9826-4E09-BE41-D0D28AB3E35E}.Debug|iPhoneSimulator.Build.0 = Debug|Any CPU
		{D0CABD83-9826-4E09-BE41-D0D28AB3E35E}.Debug|x64.ActiveCfg = Debug|Any CPU
		{D0CABD83-9826-4E09-BE41-D0D28AB3E35E}.Debug|x64.Build.0 = Debug|Any CPU
		{D0CABD83-9826-4E09-BE41-D0D28AB3E35E}.Debug|x86.ActiveCfg = Debug|Any CPU
		{D0CABD83-9826-4E09-BE41-D0D28AB3E35E}.Debug|x86.Build.0 = Debug|Any CPU
		{D0CABD83-9826-4E09-BE41-D0D28AB3E35E}.Release|Any CPU.ActiveCfg = Release|Any CPU
		{D0CABD83-9826-4E09-BE41-D0D28AB3E35E}.Release|Any CPU.Build.0 = Release|Any CPU
		{D0CABD83-9826-4E09-BE41-D0D28AB3E35E}.Release|iPhone.ActiveCfg = Release|Any CPU
		{D0CABD83-9826-4E09-BE41-D0D28AB3E35E}.Release|iPhone.Build.0 = Release|Any CPU
		{D0CABD83-9826-4E09-BE41-D0D28AB3E35E}.Release|iPhoneSimulator.ActiveCfg = Release|Any CPU
		{D0CABD83-9826-4E09-BE41-D0D28AB3E35E}.Release|iPhoneSimulator.Build.0 = Release|Any CPU
		{D0CABD83-9826-4E09-BE41-D0D28AB3E35E}.Release|x64.ActiveCfg = Release|Any CPU
		{D0CABD83-9826-4E09-BE41-D0D28AB3E35E}.Release|x64.Build.0 = Release|Any CPU
		{D0CABD83-9826-4E09-BE41-D0D28AB3E35E}.Release|x86.ActiveCfg = Release|Any CPU
		{D0CABD83-9826-4E09-BE41-D0D28AB3E35E}.Release|x86.Build.0 = Release|Any CPU
		{4910FB3C-2D0A-47A8-BA73-29F2048B0087}.Debug|Any CPU.ActiveCfg = Debug|Any CPU
		{4910FB3C-2D0A-47A8-BA73-29F2048B0087}.Debug|Any CPU.Build.0 = Debug|Any CPU
		{4910FB3C-2D0A-47A8-BA73-29F2048B0087}.Debug|iPhone.ActiveCfg = Debug|Any CPU
		{4910FB3C-2D0A-47A8-BA73-29F2048B0087}.Debug|iPhone.Build.0 = Debug|Any CPU
		{4910FB3C-2D0A-47A8-BA73-29F2048B0087}.Debug|iPhoneSimulator.ActiveCfg = Debug|Any CPU
		{4910FB3C-2D0A-47A8-BA73-29F2048B0087}.Debug|iPhoneSimulator.Build.0 = Debug|Any CPU
		{4910FB3C-2D0A-47A8-BA73-29F2048B0087}.Debug|x64.ActiveCfg = Debug|Any CPU
		{4910FB3C-2D0A-47A8-BA73-29F2048B0087}.Debug|x64.Build.0 = Debug|Any CPU
		{4910FB3C-2D0A-47A8-BA73-29F2048B0087}.Debug|x86.ActiveCfg = Debug|Any CPU
		{4910FB3C-2D0A-47A8-BA73-29F2048B0087}.Debug|x86.Build.0 = Debug|Any CPU
		{4910FB3C-2D0A-47A8-BA73-29F2048B0087}.Release|Any CPU.ActiveCfg = Release|Any CPU
		{4910FB3C-2D0A-47A8-BA73-29F2048B0087}.Release|Any CPU.Build.0 = Release|Any CPU
		{4910FB3C-2D0A-47A8-BA73-29F2048B0087}.Release|iPhone.ActiveCfg = Release|Any CPU
		{4910FB3C-2D0A-47A8-BA73-29F2048B0087}.Release|iPhone.Build.0 = Release|Any CPU
		{4910FB3C-2D0A-47A8-BA73-29F2048B0087}.Release|iPhoneSimulator.ActiveCfg = Release|Any CPU
		{4910FB3C-2D0A-47A8-BA73-29F2048B0087}.Release|iPhoneSimulator.Build.0 = Release|Any CPU
		{4910FB3C-2D0A-47A8-BA73-29F2048B0087}.Release|x64.ActiveCfg = Release|Any CPU
		{4910FB3C-2D0A-47A8-BA73-29F2048B0087}.Release|x64.Build.0 = Release|Any CPU
		{4910FB3C-2D0A-47A8-BA73-29F2048B0087}.Release|x86.ActiveCfg = Release|Any CPU
		{4910FB3C-2D0A-47A8-BA73-29F2048B0087}.Release|x86.Build.0 = Release|Any CPU
		{DD86D880-7423-4EC1-A7F6-CA594D78A2F6}.Debug|Any CPU.ActiveCfg = Debug|Any CPU
		{DD86D880-7423-4EC1-A7F6-CA594D78A2F6}.Debug|Any CPU.Build.0 = Debug|Any CPU
		{DD86D880-7423-4EC1-A7F6-CA594D78A2F6}.Debug|iPhone.ActiveCfg = Debug|Any CPU
		{DD86D880-7423-4EC1-A7F6-CA594D78A2F6}.Debug|iPhone.Build.0 = Debug|Any CPU
		{DD86D880-7423-4EC1-A7F6-CA594D78A2F6}.Debug|iPhoneSimulator.ActiveCfg = Debug|Any CPU
		{DD86D880-7423-4EC1-A7F6-CA594D78A2F6}.Debug|iPhoneSimulator.Build.0 = Debug|Any CPU
		{DD86D880-7423-4EC1-A7F6-CA594D78A2F6}.Debug|x64.ActiveCfg = Debug|x64
		{DD86D880-7423-4EC1-A7F6-CA594D78A2F6}.Debug|x86.ActiveCfg = Debug|x86
		{DD86D880-7423-4EC1-A7F6-CA594D78A2F6}.Release|Any CPU.ActiveCfg = Release|Any CPU
		{DD86D880-7423-4EC1-A7F6-CA594D78A2F6}.Release|Any CPU.Build.0 = Release|Any CPU
		{DD86D880-7423-4EC1-A7F6-CA594D78A2F6}.Release|iPhone.ActiveCfg = Release|Any CPU
		{DD86D880-7423-4EC1-A7F6-CA594D78A2F6}.Release|iPhone.Build.0 = Release|Any CPU
		{DD86D880-7423-4EC1-A7F6-CA594D78A2F6}.Release|iPhoneSimulator.ActiveCfg = Release|Any CPU
		{DD86D880-7423-4EC1-A7F6-CA594D78A2F6}.Release|iPhoneSimulator.Build.0 = Release|Any CPU
		{DD86D880-7423-4EC1-A7F6-CA594D78A2F6}.Release|x64.ActiveCfg = Release|x64
		{DD86D880-7423-4EC1-A7F6-CA594D78A2F6}.Release|x86.ActiveCfg = Release|x86
		{7BEDEF93-90B0-4AB6-AE20-B104E4185FDE}.Debug|Any CPU.ActiveCfg = Debug|Any CPU
		{7BEDEF93-90B0-4AB6-AE20-B104E4185FDE}.Debug|Any CPU.Build.0 = Debug|Any CPU
		{7BEDEF93-90B0-4AB6-AE20-B104E4185FDE}.Debug|iPhone.ActiveCfg = Debug|Any CPU
		{7BEDEF93-90B0-4AB6-AE20-B104E4185FDE}.Debug|iPhone.Build.0 = Debug|Any CPU
		{7BEDEF93-90B0-4AB6-AE20-B104E4185FDE}.Debug|iPhoneSimulator.ActiveCfg = Debug|Any CPU
		{7BEDEF93-90B0-4AB6-AE20-B104E4185FDE}.Debug|iPhoneSimulator.Build.0 = Debug|Any CPU
		{7BEDEF93-90B0-4AB6-AE20-B104E4185FDE}.Debug|x64.ActiveCfg = Debug|Any CPU
		{7BEDEF93-90B0-4AB6-AE20-B104E4185FDE}.Debug|x64.Build.0 = Debug|Any CPU
		{7BEDEF93-90B0-4AB6-AE20-B104E4185FDE}.Debug|x86.ActiveCfg = Debug|Any CPU
		{7BEDEF93-90B0-4AB6-AE20-B104E4185FDE}.Debug|x86.Build.0 = Debug|Any CPU
		{7BEDEF93-90B0-4AB6-AE20-B104E4185FDE}.Release|Any CPU.ActiveCfg = Release|Any CPU
		{7BEDEF93-90B0-4AB6-AE20-B104E4185FDE}.Release|Any CPU.Build.0 = Release|Any CPU
		{7BEDEF93-90B0-4AB6-AE20-B104E4185FDE}.Release|iPhone.ActiveCfg = Release|Any CPU
		{7BEDEF93-90B0-4AB6-AE20-B104E4185FDE}.Release|iPhone.Build.0 = Release|Any CPU
		{7BEDEF93-90B0-4AB6-AE20-B104E4185FDE}.Release|iPhoneSimulator.ActiveCfg = Release|Any CPU
		{7BEDEF93-90B0-4AB6-AE20-B104E4185FDE}.Release|iPhoneSimulator.Build.0 = Release|Any CPU
		{7BEDEF93-90B0-4AB6-AE20-B104E4185FDE}.Release|x64.ActiveCfg = Release|Any CPU
		{7BEDEF93-90B0-4AB6-AE20-B104E4185FDE}.Release|x64.Build.0 = Release|Any CPU
		{7BEDEF93-90B0-4AB6-AE20-B104E4185FDE}.Release|x86.ActiveCfg = Release|Any CPU
		{7BEDEF93-90B0-4AB6-AE20-B104E4185FDE}.Release|x86.Build.0 = Release|Any CPU
		{F733FCCA-60A8-4E1B-ABEE-5B9689B914C7}.Debug|Any CPU.ActiveCfg = Debug|Any CPU
		{F733FCCA-60A8-4E1B-ABEE-5B9689B914C7}.Debug|Any CPU.Build.0 = Debug|Any CPU
		{F733FCCA-60A8-4E1B-ABEE-5B9689B914C7}.Debug|iPhone.ActiveCfg = Debug|Any CPU
		{F733FCCA-60A8-4E1B-ABEE-5B9689B914C7}.Debug|iPhone.Build.0 = Debug|Any CPU
		{F733FCCA-60A8-4E1B-ABEE-5B9689B914C7}.Debug|iPhoneSimulator.ActiveCfg = Debug|Any CPU
		{F733FCCA-60A8-4E1B-ABEE-5B9689B914C7}.Debug|iPhoneSimulator.Build.0 = Debug|Any CPU
		{F733FCCA-60A8-4E1B-ABEE-5B9689B914C7}.Debug|x64.ActiveCfg = Debug|Any CPU
		{F733FCCA-60A8-4E1B-ABEE-5B9689B914C7}.Debug|x64.Build.0 = Debug|Any CPU
		{F733FCCA-60A8-4E1B-ABEE-5B9689B914C7}.Debug|x86.ActiveCfg = Debug|Any CPU
		{F733FCCA-60A8-4E1B-ABEE-5B9689B914C7}.Debug|x86.Build.0 = Debug|Any CPU
		{F733FCCA-60A8-4E1B-ABEE-5B9689B914C7}.Release|Any CPU.ActiveCfg = Release|Any CPU
		{F733FCCA-60A8-4E1B-ABEE-5B9689B914C7}.Release|Any CPU.Build.0 = Release|Any CPU
		{F733FCCA-60A8-4E1B-ABEE-5B9689B914C7}.Release|iPhone.ActiveCfg = Release|Any CPU
		{F733FCCA-60A8-4E1B-ABEE-5B9689B914C7}.Release|iPhone.Build.0 = Release|Any CPU
		{F733FCCA-60A8-4E1B-ABEE-5B9689B914C7}.Release|iPhoneSimulator.ActiveCfg = Release|Any CPU
		{F733FCCA-60A8-4E1B-ABEE-5B9689B914C7}.Release|iPhoneSimulator.Build.0 = Release|Any CPU
		{F733FCCA-60A8-4E1B-ABEE-5B9689B914C7}.Release|x64.ActiveCfg = Release|Any CPU
		{F733FCCA-60A8-4E1B-ABEE-5B9689B914C7}.Release|x64.Build.0 = Release|Any CPU
		{F733FCCA-60A8-4E1B-ABEE-5B9689B914C7}.Release|x86.ActiveCfg = Release|Any CPU
		{F733FCCA-60A8-4E1B-ABEE-5B9689B914C7}.Release|x86.Build.0 = Release|Any CPU
		{0F9FD782-58D0-4974-A2D7-757307B5C325}.Debug|Any CPU.ActiveCfg = Debug|Any CPU
		{0F9FD782-58D0-4974-A2D7-757307B5C325}.Debug|Any CPU.Build.0 = Debug|Any CPU
		{0F9FD782-58D0-4974-A2D7-757307B5C325}.Debug|iPhone.ActiveCfg = Debug|Any CPU
		{0F9FD782-58D0-4974-A2D7-757307B5C325}.Debug|iPhone.Build.0 = Debug|Any CPU
		{0F9FD782-58D0-4974-A2D7-757307B5C325}.Debug|iPhoneSimulator.ActiveCfg = Debug|Any CPU
		{0F9FD782-58D0-4974-A2D7-757307B5C325}.Debug|iPhoneSimulator.Build.0 = Debug|Any CPU
		{0F9FD782-58D0-4974-A2D7-757307B5C325}.Debug|x64.ActiveCfg = Debug|Any CPU
		{0F9FD782-58D0-4974-A2D7-757307B5C325}.Debug|x64.Build.0 = Debug|Any CPU
		{0F9FD782-58D0-4974-A2D7-757307B5C325}.Debug|x86.ActiveCfg = Debug|Any CPU
		{0F9FD782-58D0-4974-A2D7-757307B5C325}.Debug|x86.Build.0 = Debug|Any CPU
		{0F9FD782-58D0-4974-A2D7-757307B5C325}.Release|Any CPU.ActiveCfg = Release|Any CPU
		{0F9FD782-58D0-4974-A2D7-757307B5C325}.Release|Any CPU.Build.0 = Release|Any CPU
		{0F9FD782-58D0-4974-A2D7-757307B5C325}.Release|iPhone.ActiveCfg = Release|Any CPU
		{0F9FD782-58D0-4974-A2D7-757307B5C325}.Release|iPhone.Build.0 = Release|Any CPU
		{0F9FD782-58D0-4974-A2D7-757307B5C325}.Release|iPhoneSimulator.ActiveCfg = Release|Any CPU
		{0F9FD782-58D0-4974-A2D7-757307B5C325}.Release|iPhoneSimulator.Build.0 = Release|Any CPU
		{0F9FD782-58D0-4974-A2D7-757307B5C325}.Release|x64.ActiveCfg = Release|Any CPU
		{0F9FD782-58D0-4974-A2D7-757307B5C325}.Release|x64.Build.0 = Release|Any CPU
		{0F9FD782-58D0-4974-A2D7-757307B5C325}.Release|x86.ActiveCfg = Release|Any CPU
		{0F9FD782-58D0-4974-A2D7-757307B5C325}.Release|x86.Build.0 = Release|Any CPU
		{391414A8-E056-48D6-88E4-FEA782DC6FB3}.Debug|Any CPU.ActiveCfg = Debug|Any CPU
		{391414A8-E056-48D6-88E4-FEA782DC6FB3}.Debug|Any CPU.Build.0 = Debug|Any CPU
		{391414A8-E056-48D6-88E4-FEA782DC6FB3}.Debug|iPhone.ActiveCfg = Debug|Any CPU
		{391414A8-E056-48D6-88E4-FEA782DC6FB3}.Debug|iPhone.Build.0 = Debug|Any CPU
		{391414A8-E056-48D6-88E4-FEA782DC6FB3}.Debug|iPhoneSimulator.ActiveCfg = Debug|Any CPU
		{391414A8-E056-48D6-88E4-FEA782DC6FB3}.Debug|iPhoneSimulator.Build.0 = Debug|Any CPU
		{391414A8-E056-48D6-88E4-FEA782DC6FB3}.Debug|x64.ActiveCfg = Debug|Any CPU
		{391414A8-E056-48D6-88E4-FEA782DC6FB3}.Debug|x64.Build.0 = Debug|Any CPU
		{391414A8-E056-48D6-88E4-FEA782DC6FB3}.Debug|x86.ActiveCfg = Debug|Any CPU
		{391414A8-E056-48D6-88E4-FEA782DC6FB3}.Debug|x86.Build.0 = Debug|Any CPU
		{391414A8-E056-48D6-88E4-FEA782DC6FB3}.Release|Any CPU.ActiveCfg = Release|Any CPU
		{391414A8-E056-48D6-88E4-FEA782DC6FB3}.Release|Any CPU.Build.0 = Release|Any CPU
		{391414A8-E056-48D6-88E4-FEA782DC6FB3}.Release|iPhone.ActiveCfg = Release|Any CPU
		{391414A8-E056-48D6-88E4-FEA782DC6FB3}.Release|iPhone.Build.0 = Release|Any CPU
		{391414A8-E056-48D6-88E4-FEA782DC6FB3}.Release|iPhoneSimulator.ActiveCfg = Release|Any CPU
		{391414A8-E056-48D6-88E4-FEA782DC6FB3}.Release|iPhoneSimulator.Build.0 = Release|Any CPU
		{391414A8-E056-48D6-88E4-FEA782DC6FB3}.Release|x64.ActiveCfg = Release|Any CPU
		{391414A8-E056-48D6-88E4-FEA782DC6FB3}.Release|x64.Build.0 = Release|Any CPU
		{391414A8-E056-48D6-88E4-FEA782DC6FB3}.Release|x86.ActiveCfg = Release|Any CPU
		{391414A8-E056-48D6-88E4-FEA782DC6FB3}.Release|x86.Build.0 = Release|Any CPU
		{27B8E16A-43D1-4BAA-937B-D6937B6C5FCD}.Debug|Any CPU.ActiveCfg = Debug|Any CPU
		{27B8E16A-43D1-4BAA-937B-D6937B6C5FCD}.Debug|Any CPU.Build.0 = Debug|Any CPU
		{27B8E16A-43D1-4BAA-937B-D6937B6C5FCD}.Debug|iPhone.ActiveCfg = Debug|Any CPU
		{27B8E16A-43D1-4BAA-937B-D6937B6C5FCD}.Debug|iPhone.Build.0 = Debug|Any CPU
		{27B8E16A-43D1-4BAA-937B-D6937B6C5FCD}.Debug|iPhoneSimulator.ActiveCfg = Debug|Any CPU
		{27B8E16A-43D1-4BAA-937B-D6937B6C5FCD}.Debug|iPhoneSimulator.Build.0 = Debug|Any CPU
		{27B8E16A-43D1-4BAA-937B-D6937B6C5FCD}.Debug|x64.ActiveCfg = Debug|Any CPU
		{27B8E16A-43D1-4BAA-937B-D6937B6C5FCD}.Debug|x64.Build.0 = Debug|Any CPU
		{27B8E16A-43D1-4BAA-937B-D6937B6C5FCD}.Debug|x86.ActiveCfg = Debug|Any CPU
		{27B8E16A-43D1-4BAA-937B-D6937B6C5FCD}.Debug|x86.Build.0 = Debug|Any CPU
		{27B8E16A-43D1-4BAA-937B-D6937B6C5FCD}.Release|Any CPU.ActiveCfg = Release|Any CPU
		{27B8E16A-43D1-4BAA-937B-D6937B6C5FCD}.Release|Any CPU.Build.0 = Release|Any CPU
		{27B8E16A-43D1-4BAA-937B-D6937B6C5FCD}.Release|iPhone.ActiveCfg = Release|Any CPU
		{27B8E16A-43D1-4BAA-937B-D6937B6C5FCD}.Release|iPhone.Build.0 = Release|Any CPU
		{27B8E16A-43D1-4BAA-937B-D6937B6C5FCD}.Release|iPhoneSimulator.ActiveCfg = Release|Any CPU
		{27B8E16A-43D1-4BAA-937B-D6937B6C5FCD}.Release|iPhoneSimulator.Build.0 = Release|Any CPU
		{27B8E16A-43D1-4BAA-937B-D6937B6C5FCD}.Release|x64.ActiveCfg = Release|Any CPU
		{27B8E16A-43D1-4BAA-937B-D6937B6C5FCD}.Release|x64.Build.0 = Release|Any CPU
		{27B8E16A-43D1-4BAA-937B-D6937B6C5FCD}.Release|x86.ActiveCfg = Release|Any CPU
		{27B8E16A-43D1-4BAA-937B-D6937B6C5FCD}.Release|x86.Build.0 = Release|Any CPU
	EndGlobalSection
	GlobalSection(SolutionProperties) = preSolution
		HideSolutionNode = FALSE
	EndGlobalSection
	GlobalSection(NestedProjects) = preSolution
		{7BEDEF93-90B0-4AB6-AE20-B104E4185FDE} = {827E0CD3-B72D-47B6-A68D-7590B98EB39B}
		{F733FCCA-60A8-4E1B-ABEE-5B9689B914C7} = {827E0CD3-B72D-47B6-A68D-7590B98EB39B}
		{0F9FD782-58D0-4974-A2D7-757307B5C325} = {827E0CD3-B72D-47B6-A68D-7590B98EB39B}
		{391414A8-E056-48D6-88E4-FEA782DC6FB3} = {827E0CD3-B72D-47B6-A68D-7590B98EB39B}
		{27B8E16A-43D1-4BAA-937B-D6937B6C5FCD} = {827E0CD3-B72D-47B6-A68D-7590B98EB39B}
	EndGlobalSection
	GlobalSection(ExtensibilityGlobals) = postSolution
		SolutionGuid = {C074BD68-4496-4E0C-9C2E-A26DE05EF712}
	EndGlobalSection
EndGlobal
