
Microsoft Visual Studio Solution File, Format Version 12.00
# Visual Studio Version 17
VisualStudioVersion = 17.1.32210.238
MinimumVisualStudioVersion = 10.0.40219.1
Project("{9A19103F-16F7-4668-BE54-9A1E7A4F7556}") = "IguanaTracker.API", "IguanaTracker.API\IguanaTracker.API.csproj", "{E2E8C10E-DC61-4047-98FF-C56AC4EDD978}"
EndProject
Project("{9A19103F-16F7-4668-BE54-9A1E7A4F7556}") = "IguanaTracker.Web.MVC", "IguanaTracker.Web.MVC\IguanaTracker.Web.MVC.csproj", "{456D8200-BD9E-493C-B3E0-7E38D927D682}"
EndProject
Project("{9A19103F-16F7-4668-BE54-9A1E7A4F7556}") = "IguanaTracker.Test", "IguanaTracker.Test\IguanaTracker.Test.csproj", "{D38D26DB-1F0B-4583-A097-1D2156E90057}"
EndProject
Project("{FAE04EC0-301F-11D3-BF4B-00C04F79EFBC}") = "IguanaTracker.Mobile.Android", "IguanaTracker.Mobile\IguanaTracker.Mobile.Android\IguanaTracker.Mobile.Android.csproj", "{EA5E3CD5-E2D3-4C4B-8384-FCBC1DA566B7}"
EndProject
Project("{9A19103F-16F7-4668-BE54-9A1E7A4F7556}") = "IguanaTracker.Mobile", "IguanaTracker.Mobile\IguanaTracker.Mobile\IguanaTracker.Mobile.csproj", "{FE7CE027-20D9-4136-820E-B02F948E858E}"
EndProject
Project("{9A19103F-16F7-4668-BE54-9A1E7A4F7556}") = "IguanaTracker.Data", "IguanaTracker.Data\IguanaTracker.Data.csproj", "{BCB1BF09-4CEB-47C9-AE2C-4873CCDA7A81}"
EndProject
Project("{9A19103F-16F7-4668-BE54-9A1E7A4F7556}") = "IguanaTracker.BL", "IguanaTracker.BL\IguanaTracker.BL.csproj", "{EF19F6E0-3F12-4A6E-9D95-82D2AE821CD7}"
EndProject
Project("{9A19103F-16F7-4668-BE54-9A1E7A4F7556}") = "RestfulApiService", "RestfulApiService\RestfulApiService.csproj", "{D0CABD83-9826-4E09-BE41-D0D28AB3E35E}"
EndProject
Project("{9A19103F-16F7-4668-BE54-9A1E7A4F7556}") = "IguanaTracker.Angular", "IguanaTracker.Angular\IguanaTracker.Angular.csproj", "{4910FB3C-2D0A-47A8-BA73-29F2048B0087}"
EndProject
Project("{E53339B2-1760-4266-BCC7-CA923CBCF16C}") = "docker-compose", "docker-compose.dcproj", "{DD86D880-7423-4EC1-A7F6-CA594D78A2F6}"
EndProject
Global
	GlobalSection(SolutionConfigurationPlatforms) = preSolution
		Debug|Any CPU = Debug|Any CPU
		Debug|iPhone = Debug|iPhone
		Debug|iPhoneSimulator = Debug|iPhoneSimulator
		Release|Any CPU = Release|Any CPU
		Release|iPhone = Release|iPhone
		Release|iPhoneSimulator = Release|iPhoneSimulator
	EndGlobalSection
	GlobalSection(ProjectConfigurationPlatforms) = postSolution
		{E2E8C10E-DC61-4047-98FF-C56AC4EDD978}.Debug|Any CPU.ActiveCfg = Debug|Any CPU
		{E2E8C10E-DC61-4047-98FF-C56AC4EDD978}.Debug|Any CPU.Build.0 = Debug|Any CPU
		{E2E8C10E-DC61-4047-98FF-C56AC4EDD978}.Debug|iPhone.ActiveCfg = Debug|Any CPU
		{E2E8C10E-DC61-4047-98FF-C56AC4EDD978}.Debug|iPhone.Build.0 = Debug|Any CPU
		{E2E8C10E-DC61-4047-98FF-C56AC4EDD978}.Debug|iPhoneSimulator.ActiveCfg = Debug|Any CPU
		{E2E8C10E-DC61-4047-98FF-C56AC4EDD978}.Debug|iPhoneSimulator.Build.0 = Debug|Any CPU
		{E2E8C10E-DC61-4047-98FF-C56AC4EDD978}.Release|Any CPU.ActiveCfg = Release|Any CPU
		{E2E8C10E-DC61-4047-98FF-C56AC4EDD978}.Release|Any CPU.Build.0 = Release|Any CPU
		{E2E8C10E-DC61-4047-98FF-C56AC4EDD978}.Release|iPhone.ActiveCfg = Release|Any CPU
		{E2E8C10E-DC61-4047-98FF-C56AC4EDD978}.Release|iPhone.Build.0 = Release|Any CPU
		{E2E8C10E-DC61-4047-98FF-C56AC4EDD978}.Release|iPhoneSimulator.ActiveCfg = Release|Any CPU
		{E2E8C10E-DC61-4047-98FF-C56AC4EDD978}.Release|iPhoneSimulator.Build.0 = Release|Any CPU
		{456D8200-BD9E-493C-B3E0-7E38D927D682}.Debug|Any CPU.ActiveCfg = Debug|Any CPU
		{456D8200-BD9E-493C-B3E0-7E38D927D682}.Debug|Any CPU.Build.0 = Debug|Any CPU
		{456D8200-BD9E-493C-B3E0-7E38D927D682}.Debug|iPhone.ActiveCfg = Debug|Any CPU
		{456D8200-BD9E-493C-B3E0-7E38D927D682}.Debug|iPhone.Build.0 = Debug|Any CPU
		{456D8200-BD9E-493C-B3E0-7E38D927D682}.Debug|iPhoneSimulator.ActiveCfg = Debug|Any CPU
		{456D8200-BD9E-493C-B3E0-7E38D927D682}.Debug|iPhoneSimulator.Build.0 = Debug|Any CPU
		{456D8200-BD9E-493C-B3E0-7E38D927D682}.Release|Any CPU.ActiveCfg = Release|Any CPU
		{456D8200-BD9E-493C-B3E0-7E38D927D682}.Release|Any CPU.Build.0 = Release|Any CPU
		{456D8200-BD9E-493C-B3E0-7E38D927D682}.Release|iPhone.ActiveCfg = Release|Any CPU
		{456D8200-BD9E-493C-B3E0-7E38D927D682}.Release|iPhone.Build.0 = Release|Any CPU
		{456D8200-BD9E-493C-B3E0-7E38D927D682}.Release|iPhoneSimulator.ActiveCfg = Release|Any CPU
		{456D8200-BD9E-493C-B3E0-7E38D927D682}.Release|iPhoneSimulator.Build.0 = Release|Any CPU
		{D38D26DB-1F0B-4583-A097-1D2156E90057}.Debug|Any CPU.ActiveCfg = Debug|Any CPU
		{D38D26DB-1F0B-4583-A097-1D2156E90057}.Debug|Any CPU.Build.0 = Debug|Any CPU
		{D38D26DB-1F0B-4583-A097-1D2156E90057}.Debug|iPhone.ActiveCfg = Debug|Any CPU
		{D38D26DB-1F0B-4583-A097-1D2156E90057}.Debug|iPhone.Build.0 = Debug|Any CPU
		{D38D26DB-1F0B-4583-A097-1D2156E90057}.Debug|iPhoneSimulator.ActiveCfg = Debug|Any CPU
		{D38D26DB-1F0B-4583-A097-1D2156E90057}.Debug|iPhoneSimulator.Build.0 = Debug|Any CPU
		{D38D26DB-1F0B-4583-A097-1D2156E90057}.Release|Any CPU.ActiveCfg = Release|Any CPU
		{D38D26DB-1F0B-4583-A097-1D2156E90057}.Release|Any CPU.Build.0 = Release|Any CPU
		{D38D26DB-1F0B-4583-A097-1D2156E90057}.Release|iPhone.ActiveCfg = Release|Any CPU
		{D38D26DB-1F0B-4583-A097-1D2156E90057}.Release|iPhone.Build.0 = Release|Any CPU
		{D38D26DB-1F0B-4583-A097-1D2156E90057}.Release|iPhoneSimulator.ActiveCfg = Release|Any CPU
		{D38D26DB-1F0B-4583-A097-1D2156E90057}.Release|iPhoneSimulator.Build.0 = Release|Any CPU
		{EA5E3CD5-E2D3-4C4B-8384-FCBC1DA566B7}.Debug|Any CPU.ActiveCfg = Debug|Any CPU
		{EA5E3CD5-E2D3-4C4B-8384-FCBC1DA566B7}.Debug|Any CPU.Build.0 = Debug|Any CPU
		{EA5E3CD5-E2D3-4C4B-8384-FCBC1DA566B7}.Debug|Any CPU.Deploy.0 = Debug|Any CPU
		{EA5E3CD5-E2D3-4C4B-8384-FCBC1DA566B7}.Debug|iPhone.ActiveCfg = Debug|Any CPU
		{EA5E3CD5-E2D3-4C4B-8384-FCBC1DA566B7}.Debug|iPhone.Build.0 = Debug|Any CPU
		{EA5E3CD5-E2D3-4C4B-8384-FCBC1DA566B7}.Debug|iPhone.Deploy.0 = Debug|Any CPU
		{EA5E3CD5-E2D3-4C4B-8384-FCBC1DA566B7}.Debug|iPhoneSimulator.ActiveCfg = Debug|Any CPU
		{EA5E3CD5-E2D3-4C4B-8384-FCBC1DA566B7}.Debug|iPhoneSimulator.Build.0 = Debug|Any CPU
		{EA5E3CD5-E2D3-4C4B-8384-FCBC1DA566B7}.Debug|iPhoneSimulator.Deploy.0 = Debug|Any CPU
		{EA5E3CD5-E2D3-4C4B-8384-FCBC1DA566B7}.Release|Any CPU.ActiveCfg = Release|Any CPU
		{EA5E3CD5-E2D3-4C4B-8384-FCBC1DA566B7}.Release|Any CPU.Build.0 = Release|Any CPU
		{EA5E3CD5-E2D3-4C4B-8384-FCBC1DA566B7}.Release|Any CPU.Deploy.0 = Release|Any CPU
		{EA5E3CD5-E2D3-4C4B-8384-FCBC1DA566B7}.Release|iPhone.ActiveCfg = Release|Any CPU
		{EA5E3CD5-E2D3-4C4B-8384-FCBC1DA566B7}.Release|iPhone.Build.0 = Release|Any CPU
		{EA5E3CD5-E2D3-4C4B-8384-FCBC1DA566B7}.Release|iPhone.Deploy.0 = Release|Any CPU
		{EA5E3CD5-E2D3-4C4B-8384-FCBC1DA566B7}.Release|iPhoneSimulator.ActiveCfg = Release|Any CPU
		{EA5E3CD5-E2D3-4C4B-8384-FCBC1DA566B7}.Release|iPhoneSimulator.Build.0 = Release|Any CPU
		{EA5E3CD5-E2D3-4C4B-8384-FCBC1DA566B7}.Release|iPhoneSimulator.Deploy.0 = Release|Any CPU
		{FE7CE027-20D9-4136-820E-B02F948E858E}.Debug|Any CPU.ActiveCfg = Debug|Any CPU
		{FE7CE027-20D9-4136-820E-B02F948E858E}.Debug|Any CPU.Build.0 = Debug|Any CPU
		{FE7CE027-20D9-4136-820E-B02F948E858E}.Debug|iPhone.ActiveCfg = Debug|Any CPU
		{FE7CE027-20D9-4136-820E-B02F948E858E}.Debug|iPhone.Build.0 = Debug|Any CPU
		{FE7CE027-20D9-4136-820E-B02F948E858E}.Debug|iPhoneSimulator.ActiveCfg = Debug|Any CPU
		{FE7CE027-20D9-4136-820E-B02F948E858E}.Debug|iPhoneSimulator.Build.0 = Debug|Any CPU
		{FE7CE027-20D9-4136-820E-B02F948E858E}.Release|Any CPU.ActiveCfg = Release|Any CPU
		{FE7CE027-20D9-4136-820E-B02F948E858E}.Release|Any CPU.Build.0 = Release|Any CPU
		{FE7CE027-20D9-4136-820E-B02F948E858E}.Release|iPhone.ActiveCfg = Release|Any CPU
		{FE7CE027-20D9-4136-820E-B02F948E858E}.Release|iPhone.Build.0 = Release|Any CPU
		{FE7CE027-20D9-4136-820E-B02F948E858E}.Release|iPhoneSimulator.ActiveCfg = Release|Any CPU
		{FE7CE027-20D9-4136-820E-B02F948E858E}.Release|iPhoneSimulator.Build.0 = Release|Any CPU
		{BCB1BF09-4CEB-47C9-AE2C-4873CCDA7A81}.Debug|Any CPU.ActiveCfg = Debug|Any CPU
		{BCB1BF09-4CEB-47C9-AE2C-4873CCDA7A81}.Debug|Any CPU.Build.0 = Debug|Any CPU
		{BCB1BF09-4CEB-47C9-AE2C-4873CCDA7A81}.Debug|iPhone.ActiveCfg = Debug|Any CPU
		{BCB1BF09-4CEB-47C9-AE2C-4873CCDA7A81}.Debug|iPhone.Build.0 = Debug|Any CPU
		{BCB1BF09-4CEB-47C9-AE2C-4873CCDA7A81}.Debug|iPhoneSimulator.ActiveCfg = Debug|Any CPU
		{BCB1BF09-4CEB-47C9-AE2C-4873CCDA7A81}.Debug|iPhoneSimulator.Build.0 = Debug|Any CPU
		{BCB1BF09-4CEB-47C9-AE2C-4873CCDA7A81}.Release|Any CPU.ActiveCfg = Release|Any CPU
		{BCB1BF09-4CEB-47C9-AE2C-4873CCDA7A81}.Release|Any CPU.Build.0 = Release|Any CPU
		{BCB1BF09-4CEB-47C9-AE2C-4873CCDA7A81}.Release|iPhone.ActiveCfg = Release|Any CPU
		{BCB1BF09-4CEB-47C9-AE2C-4873CCDA7A81}.Release|iPhone.Build.0 = Release|Any CPU
		{BCB1BF09-4CEB-47C9-AE2C-4873CCDA7A81}.Release|iPhoneSimulator.ActiveCfg = Release|Any CPU
		{BCB1BF09-4CEB-47C9-AE2C-4873CCDA7A81}.Release|iPhoneSimulator.Build.0 = Release|Any CPU
		{EF19F6E0-3F12-4A6E-9D95-82D2AE821CD7}.Debug|Any CPU.ActiveCfg = Debug|Any CPU
		{EF19F6E0-3F12-4A6E-9D95-82D2AE821CD7}.Debug|Any CPU.Build.0 = Debug|Any CPU
		{EF19F6E0-3F12-4A6E-9D95-82D2AE821CD7}.Debug|iPhone.ActiveCfg = Debug|Any CPU
		{EF19F6E0-3F12-4A6E-9D95-82D2AE821CD7}.Debug|iPhone.Build.0 = Debug|Any CPU
		{EF19F6E0-3F12-4A6E-9D95-82D2AE821CD7}.Debug|iPhoneSimulator.ActiveCfg = Debug|Any CPU
		{EF19F6E0-3F12-4A6E-9D95-82D2AE821CD7}.Debug|iPhoneSimulator.Build.0 = Debug|Any CPU
		{EF19F6E0-3F12-4A6E-9D95-82D2AE821CD7}.Release|Any CPU.ActiveCfg = Release|Any CPU
		{EF19F6E0-3F12-4A6E-9D95-82D2AE821CD7}.Release|Any CPU.Build.0 = Release|Any CPU
		{EF19F6E0-3F12-4A6E-9D95-82D2AE821CD7}.Release|iPhone.ActiveCfg = Release|Any CPU
		{EF19F6E0-3F12-4A6E-9D95-82D2AE821CD7}.Release|iPhone.Build.0 = Release|Any CPU
		{EF19F6E0-3F12-4A6E-9D95-82D2AE821CD7}.Release|iPhoneSimulator.ActiveCfg = Release|Any CPU
		{EF19F6E0-3F12-4A6E-9D95-82D2AE821CD7}.Release|iPhoneSimulator.Build.0 = Release|Any CPU
		{D0CABD83-9826-4E09-BE41-D0D28AB3E35E}.Debug|Any CPU.ActiveCfg = Debug|Any CPU
		{D0CABD83-9826-4E09-BE41-D0D28AB3E35E}.Debug|Any CPU.Build.0 = Debug|Any CPU
		{D0CABD83-9826-4E09-BE41-D0D28AB3E35E}.Debug|iPhone.ActiveCfg = Debug|Any CPU
		{D0CABD83-9826-4E09-BE41-D0D28AB3E35E}.Debug|iPhone.Build.0 = Debug|Any CPU
		{D0CABD83-9826-4E09-BE41-D0D28AB3E35E}.Debug|iPhoneSimulator.ActiveCfg = Debug|Any CPU
		{D0CABD83-9826-4E09-BE41-D0D28AB3E35E}.Debug|iPhoneSimulator.Build.0 = Debug|Any CPU
		{D0CABD83-9826-4E09-BE41-D0D28AB3E35E}.Release|Any CPU.ActiveCfg = Release|Any CPU
		{D0CABD83-9826-4E09-BE41-D0D28AB3E35E}.Release|Any CPU.Build.0 = Release|Any CPU
		{D0CABD83-9826-4E09-BE41-D0D28AB3E35E}.Release|iPhone.ActiveCfg = Release|Any CPU
		{D0CABD83-9826-4E09-BE41-D0D28AB3E35E}.Release|iPhone.Build.0 = Release|Any CPU
		{D0CABD83-9826-4E09-BE41-D0D28AB3E35E}.Release|iPhoneSimulator.ActiveCfg = Release|Any CPU
		{D0CABD83-9826-4E09-BE41-D0D28AB3E35E}.Release|iPhoneSimulator.Build.0 = Release|Any CPU
		{4910FB3C-2D0A-47A8-BA73-29F2048B0087}.Debug|Any CPU.ActiveCfg = Debug|Any CPU
		{4910FB3C-2D0A-47A8-BA73-29F2048B0087}.Debug|Any CPU.Build.0 = Debug|Any CPU
		{4910FB3C-2D0A-47A8-BA73-29F2048B0087}.Debug|iPhone.ActiveCfg = Debug|Any CPU
		{4910FB3C-2D0A-47A8-BA73-29F2048B0087}.Debug|iPhone.Build.0 = Debug|Any CPU
		{4910FB3C-2D0A-47A8-BA73-29F2048B0087}.Debug|iPhoneSimulator.ActiveCfg = Debug|Any CPU
		{4910FB3C-2D0A-47A8-BA73-29F2048B0087}.Debug|iPhoneSimulator.Build.0 = Debug|Any CPU
		{4910FB3C-2D0A-47A8-BA73-29F2048B0087}.Release|Any CPU.ActiveCfg = Release|Any CPU
		{4910FB3C-2D0A-47A8-BA73-29F2048B0087}.Release|Any CPU.Build.0 = Release|Any CPU
		{4910FB3C-2D0A-47A8-BA73-29F2048B0087}.Release|iPhone.ActiveCfg = Release|Any CPU
		{4910FB3C-2D0A-47A8-BA73-29F2048B0087}.Release|iPhone.Build.0 = Release|Any CPU
		{4910FB3C-2D0A-47A8-BA73-29F2048B0087}.Release|iPhoneSimulator.ActiveCfg = Release|Any CPU
		{4910FB3C-2D0A-47A8-BA73-29F2048B0087}.Release|iPhoneSimulator.Build.0 = Release|Any CPU
		{DD86D880-7423-4EC1-A7F6-CA594D78A2F6}.Debug|Any CPU.ActiveCfg = Debug|Any CPU
		{DD86D880-7423-4EC1-A7F6-CA594D78A2F6}.Debug|Any CPU.Build.0 = Debug|Any CPU
		{DD86D880-7423-4EC1-A7F6-CA594D78A2F6}.Debug|iPhone.ActiveCfg = Debug|Any CPU
		{DD86D880-7423-4EC1-A7F6-CA594D78A2F6}.Debug|iPhone.Build.0 = Debug|Any CPU
		{DD86D880-7423-4EC1-A7F6-CA594D78A2F6}.Debug|iPhoneSimulator.ActiveCfg = Debug|Any CPU
		{DD86D880-7423-4EC1-A7F6-CA594D78A2F6}.Debug|iPhoneSimulator.Build.0 = Debug|Any CPU
		{DD86D880-7423-4EC1-A7F6-CA594D78A2F6}.Release|Any CPU.ActiveCfg = Release|Any CPU
		{DD86D880-7423-4EC1-A7F6-CA594D78A2F6}.Release|Any CPU.Build.0 = Release|Any CPU
		{DD86D880-7423-4EC1-A7F6-CA594D78A2F6}.Release|iPhone.ActiveCfg = Release|Any CPU
		{DD86D880-7423-4EC1-A7F6-CA594D78A2F6}.Release|iPhone.Build.0 = Release|Any CPU
		{DD86D880-7423-4EC1-A7F6-CA594D78A2F6}.Release|iPhoneSimulator.ActiveCfg = Release|Any CPU
		{DD86D880-7423-4EC1-A7F6-CA594D78A2F6}.Release|iPhoneSimulator.Build.0 = Release|Any CPU
	EndGlobalSection
	GlobalSection(SolutionProperties) = preSolution
		HideSolutionNode = FALSE
	EndGlobalSection
	GlobalSection(ExtensibilityGlobals) = postSolution
		SolutionGuid = {C074BD68-4496-4E0C-9C2E-A26DE05EF712}
	EndGlobalSection
EndGlobal
